
Microsoft Visual Studio Solution File, Format Version 12.00
# Visual Studio Version 16
VisualStudioVersion = 16.0.29123.88
MinimumVisualStudioVersion = 10.0.40219.1
Project("{FAE04EC0-301F-11D3-BF4B-00C04F79EFBC}") = "AL's Project", "AL's Project\AL's Project.csproj", "{75537CC8-4FD3-404D-AE97-9EEA59FF8527}"
EndProject
Global
	GlobalSection(SolutionConfigurationPlatforms) = preSolution
		Debug|Any CPU = Debug|Any CPU
		Release|Any CPU = Release|Any CPU
	EndGlobalSection
	GlobalSection(ProjectConfigurationPlatforms) = postSolution
		{75537CC8-4FD3-404D-AE97-9EEA59FF8527}.Debug|Any CPU.ActiveCfg = Debug|Any CPU
		{75537CC8-4FD3-404D-AE97-9EEA59FF8527}.Debug|Any CPU.Build.0 = Debug|Any CPU
		{75537CC8-4FD3-404D-AE97-9EEA59FF8527}.Release|Any CPU.ActiveCfg = Release|Any CPU
		{75537CC8-4FD3-404D-AE97-9EEA59FF8527}.Release|Any CPU.Build.0 = Release|Any CPU
	EndGlobalSection
	GlobalSection(SolutionProperties) = preSolution
		HideSolutionNode = FALSE
	EndGlobalSection
	GlobalSection(ExtensibilityGlobals) = postSolution
		SolutionGuid = {8977C419-43DE-45DC-999C-269E8C5E533F}
	EndGlobalSection
EndGlobal
